
Microsoft Visual Studio Solution File, Format Version 12.00
# Visual Studio Version 17
VisualStudioVersion = 17.10.34928.147
MinimumVisualStudioVersion = 10.0.40219.1
Project("{FAE04EC0-301F-11D3-BF4B-00C04F79EFBC}") = "net_server", "net_server.csproj", "{7CFB3473-283E-4A3F-B2AD-8D0EA7EB0706}"
EndProject
Global
	GlobalSection(SolutionConfigurationPlatforms) = preSolution
		Debug|Any CPU = Debug|Any CPU
		Release|Any CPU = Release|Any CPU
	EndGlobalSection
	GlobalSection(ProjectConfigurationPlatforms) = postSolution
		{7CFB3473-283E-4A3F-B2AD-8D0EA7EB0706}.Debug|Any CPU.ActiveCfg = Debug|Any CPU
		{7CFB3473-283E-4A3F-B2AD-8D0EA7EB0706}.Debug|Any CPU.Build.0 = Debug|Any CPU
		{7CFB3473-283E-4A3F-B2AD-8D0EA7EB0706}.Release|Any CPU.ActiveCfg = Release|Any CPU
		{7CFB3473-283E-4A3F-B2AD-8D0EA7EB0706}.Release|Any CPU.Build.0 = Release|Any CPU
	EndGlobalSection
	GlobalSection(SolutionProperties) = preSolution
		HideSolutionNode = FALSE
	EndGlobalSection
	GlobalSection(ExtensibilityGlobals) = postSolution
		SolutionGuid = {EFE4C492-ACB5-49F7-B999-85767E0B14B1}
	EndGlobalSection
EndGlobal
