
Microsoft Visual Studio Solution File, Format Version 12.00
# Visual Studio Version 17
VisualStudioVersion = 17.10.34928.147
MinimumVisualStudioVersion = 10.0.40219.1
Project("{FAE04EC0-301F-11D3-BF4B-00C04F79EFBC}") = "net_cw_1.1", "net_cw_1.1.csproj", "{45063A31-441A-47E8-AE2C-7A9A34DBF435}"
EndProject
Global
	GlobalSection(SolutionConfigurationPlatforms) = preSolution
		Debug|Any CPU = Debug|Any CPU
		Release|Any CPU = Release|Any CPU
	EndGlobalSection
	GlobalSection(ProjectConfigurationPlatforms) = postSolution
		{45063A31-441A-47E8-AE2C-7A9A34DBF435}.Debug|Any CPU.ActiveCfg = Debug|Any CPU
		{45063A31-441A-47E8-AE2C-7A9A34DBF435}.Debug|Any CPU.Build.0 = Debug|Any CPU
		{45063A31-441A-47E8-AE2C-7A9A34DBF435}.Release|Any CPU.ActiveCfg = Release|Any CPU
		{45063A31-441A-47E8-AE2C-7A9A34DBF435}.Release|Any CPU.Build.0 = Release|Any CPU
	EndGlobalSection
	GlobalSection(SolutionProperties) = preSolution
		HideSolutionNode = FALSE
	EndGlobalSection
	GlobalSection(ExtensibilityGlobals) = postSolution
		SolutionGuid = {B71C566E-2F29-41D6-BCC0-9C5970176CE0}
	EndGlobalSection
EndGlobal
